// !$*UTF8*$!
{
	archiveVersion = 1;
	classes = {
	};
	objectVersion = 56;
	objects = {

/* Begin PBXBuildFile section */
		A3187E5C2C386CDB00387874 /* FriendStatusView.swift in Sources */ = {isa = PBXBuildFile; fileRef = A3187E5B2C386CDB00387874 /* FriendStatusView.swift */; };
		A3187E5E2C386CE600387874 /* FriendStatusViewModel.swift in Sources */ = {isa = PBXBuildFile; fileRef = A3187E5D2C386CE600387874 /* FriendStatusViewModel.swift */; };
		A3187E602C38765500387874 /* LoginView.swift in Sources */ = {isa = PBXBuildFile; fileRef = A3187E5F2C38765500387874 /* LoginView.swift */; };
		A33E7DF52C3C63A8006E3287 /* User.swift in Sources */ = {isa = PBXBuildFile; fileRef = A33E7DF42C3C63A8006E3287 /* User.swift */; };
		A33E7DF72C3C63B3006E3287 /* Status.swift in Sources */ = {isa = PBXBuildFile; fileRef = A33E7DF62C3C63B3006E3287 /* Status.swift */; };
		A354DBBD2C35C6ED00D2AA34 /* ColorHex.swift in Sources */ = {isa = PBXBuildFile; fileRef = A354DBBC2C35C6ED00D2AA34 /* ColorHex.swift */; };
		A36B4F312C2341250045522C /* StatusApp.swift in Sources */ = {isa = PBXBuildFile; fileRef = A36B4F302C2341250045522C /* StatusApp.swift */; };
		A36B4F332C2341250045522C /* StatusView.swift in Sources */ = {isa = PBXBuildFile; fileRef = A36B4F322C2341250045522C /* StatusView.swift */; };
		A36B4F352C2341270045522C /* Assets.xcassets in Resources */ = {isa = PBXBuildFile; fileRef = A36B4F342C2341270045522C /* Assets.xcassets */; };
		A36B4F382C2341270045522C /* Preview Assets.xcassets in Resources */ = {isa = PBXBuildFile; fileRef = A36B4F372C2341270045522C /* Preview Assets.xcassets */; };
		A36B4F422C2341270045522C /* StatusTests.swift in Sources */ = {isa = PBXBuildFile; fileRef = A36B4F412C2341270045522C /* StatusTests.swift */; };
		A36B4F4C2C2341270045522C /* StatusUITests.swift in Sources */ = {isa = PBXBuildFile; fileRef = A36B4F4B2C2341270045522C /* StatusUITests.swift */; };
		A36B4F4E2C2341270045522C /* StatusUITestsLaunchTests.swift in Sources */ = {isa = PBXBuildFile; fileRef = A36B4F4D2C2341270045522C /* StatusUITestsLaunchTests.swift */; };
		A3A570B12C331EB2009A4624 /* GoogleService-Info.plist in Resources */ = {isa = PBXBuildFile; fileRef = A3A570B02C331EB2009A4624 /* GoogleService-Info.plist */; };
		A3A570B22C331EB2009A4624 /* GoogleService-Info.plist in Resources */ = {isa = PBXBuildFile; fileRef = A3A570B02C331EB2009A4624 /* GoogleService-Info.plist */; };
		A3A570B32C331EB2009A4624 /* GoogleService-Info.plist in Resources */ = {isa = PBXBuildFile; fileRef = A3A570B02C331EB2009A4624 /* GoogleService-Info.plist */; };
		A3A570B62C333022009A4624 /* FirebaseAnalytics in Frameworks */ = {isa = PBXBuildFile; productRef = A3A570B52C333022009A4624 /* FirebaseAnalytics */; };
		A3A570B82C333022009A4624 /* FirebaseAnalyticsSwift in Frameworks */ = {isa = PBXBuildFile; productRef = A3A570B72C333022009A4624 /* FirebaseAnalyticsSwift */; };
		A3A570BA2C333022009A4624 /* FirebaseAuth in Frameworks */ = {isa = PBXBuildFile; productRef = A3A570B92C333022009A4624 /* FirebaseAuth */; };
		A3A570BC2C333022009A4624 /* FirebaseCrashlytics in Frameworks */ = {isa = PBXBuildFile; productRef = A3A570BB2C333022009A4624 /* FirebaseCrashlytics */; };
		A3A570BE2C333022009A4624 /* FirebaseFirestore in Frameworks */ = {isa = PBXBuildFile; productRef = A3A570BD2C333022009A4624 /* FirebaseFirestore */; };
		A3A570C02C333022009A4624 /* FirebaseFirestoreSwift in Frameworks */ = {isa = PBXBuildFile; productRef = A3A570BF2C333022009A4624 /* FirebaseFirestoreSwift */; };
		A3A570C22C333022009A4624 /* FirebaseInAppMessaging-Beta in Frameworks */ = {isa = PBXBuildFile; productRef = A3A570C12C333022009A4624 /* FirebaseInAppMessaging-Beta */; };
		A3A570C42C333022009A4624 /* FirebaseInAppMessagingSwift-Beta in Frameworks */ = {isa = PBXBuildFile; productRef = A3A570C32C333022009A4624 /* FirebaseInAppMessagingSwift-Beta */; };
		A3A570C62C333022009A4624 /* FirebaseMessaging in Frameworks */ = {isa = PBXBuildFile; productRef = A3A570C52C333022009A4624 /* FirebaseMessaging */; };
		A3A570C82C333022009A4624 /* FirebasePerformance in Frameworks */ = {isa = PBXBuildFile; productRef = A3A570C72C333022009A4624 /* FirebasePerformance */; };
		A3A570CA2C333022009A4624 /* FirebaseRemoteConfig in Frameworks */ = {isa = PBXBuildFile; productRef = A3A570C92C333022009A4624 /* FirebaseRemoteConfig */; };
		A3A570CC2C333022009A4624 /* FirebaseRemoteConfigSwift in Frameworks */ = {isa = PBXBuildFile; productRef = A3A570CB2C333022009A4624 /* FirebaseRemoteConfigSwift */; };
		A3A570CE2C333022009A4624 /* FirebaseStorage in Frameworks */ = {isa = PBXBuildFile; productRef = A3A570CD2C333022009A4624 /* FirebaseStorage */; };
		A3B4AE942C3F108200091529 /* ColorViewModel.swift in Sources */ = {isa = PBXBuildFile; fileRef = A3B4AE932C3F108200091529 /* ColorViewModel.swift */; };
		A3FF15E72C2DE7CA0069F2F8 /* colors.rtf in Resources */ = {isa = PBXBuildFile; fileRef = A3FF15E62C2DE7CA0069F2F8 /* colors.rtf */; };
		A3FF15E92C2DEA400069F2F8 /* StatusViewViewModel.swift in Sources */ = {isa = PBXBuildFile; fileRef = A3FF15E82C2DEA400069F2F8 /* StatusViewViewModel.swift */; };
		A3FF15ED2C2DEAB10069F2F8 /* LoginViewViewModel.swift in Sources */ = {isa = PBXBuildFile; fileRef = A3FF15EC2C2DEAB10069F2F8 /* LoginViewViewModel.swift */; };
/* End PBXBuildFile section */

/* Begin PBXContainerItemProxy section */
		A36B4F3E2C2341270045522C /* PBXContainerItemProxy */ = {
			isa = PBXContainerItemProxy;
			containerPortal = A36B4F252C2341250045522C /* Project object */;
			proxyType = 1;
			remoteGlobalIDString = A36B4F2C2C2341250045522C;
			remoteInfo = Status;
		};
		A36B4F482C2341270045522C /* PBXContainerItemProxy */ = {
			isa = PBXContainerItemProxy;
			containerPortal = A36B4F252C2341250045522C /* Project object */;
			proxyType = 1;
			remoteGlobalIDString = A36B4F2C2C2341250045522C;
			remoteInfo = Status;
		};
/* End PBXContainerItemProxy section */

/* Begin PBXFileReference section */
		A3187E5B2C386CDB00387874 /* FriendStatusView.swift */ = {isa = PBXFileReference; lastKnownFileType = sourcecode.swift; path = FriendStatusView.swift; sourceTree = "<group>"; };
		A3187E5D2C386CE600387874 /* FriendStatusViewModel.swift */ = {isa = PBXFileReference; lastKnownFileType = sourcecode.swift; path = FriendStatusViewModel.swift; sourceTree = "<group>"; };
		A3187E5F2C38765500387874 /* LoginView.swift */ = {isa = PBXFileReference; lastKnownFileType = sourcecode.swift; path = LoginView.swift; sourceTree = "<group>"; };
		A33E7DF42C3C63A8006E3287 /* User.swift */ = {isa = PBXFileReference; lastKnownFileType = sourcecode.swift; path = User.swift; sourceTree = "<group>"; };
		A33E7DF62C3C63B3006E3287 /* Status.swift */ = {isa = PBXFileReference; lastKnownFileType = sourcecode.swift; path = Status.swift; sourceTree = "<group>"; };
		A354DBBC2C35C6ED00D2AA34 /* ColorHex.swift */ = {isa = PBXFileReference; lastKnownFileType = sourcecode.swift; path = ColorHex.swift; sourceTree = "<group>"; };
		A36B4F2D2C2341250045522C /* Status.app */ = {isa = PBXFileReference; explicitFileType = wrapper.application; includeInIndex = 0; path = Status.app; sourceTree = BUILT_PRODUCTS_DIR; };
		A36B4F302C2341250045522C /* StatusApp.swift */ = {isa = PBXFileReference; lastKnownFileType = sourcecode.swift; path = StatusApp.swift; sourceTree = "<group>"; };
		A36B4F322C2341250045522C /* StatusView.swift */ = {isa = PBXFileReference; lastKnownFileType = sourcecode.swift; path = StatusView.swift; sourceTree = "<group>"; };
		A36B4F342C2341270045522C /* Assets.xcassets */ = {isa = PBXFileReference; lastKnownFileType = folder.assetcatalog; path = Assets.xcassets; sourceTree = "<group>"; };
		A36B4F372C2341270045522C /* Preview Assets.xcassets */ = {isa = PBXFileReference; lastKnownFileType = folder.assetcatalog; path = "Preview Assets.xcassets"; sourceTree = "<group>"; };
		A36B4F3D2C2341270045522C /* StatusTests.xctest */ = {isa = PBXFileReference; explicitFileType = wrapper.cfbundle; includeInIndex = 0; path = StatusTests.xctest; sourceTree = BUILT_PRODUCTS_DIR; };
		A36B4F412C2341270045522C /* StatusTests.swift */ = {isa = PBXFileReference; lastKnownFileType = sourcecode.swift; path = StatusTests.swift; sourceTree = "<group>"; };
		A36B4F472C2341270045522C /* StatusUITests.xctest */ = {isa = PBXFileReference; explicitFileType = wrapper.cfbundle; includeInIndex = 0; path = StatusUITests.xctest; sourceTree = BUILT_PRODUCTS_DIR; };
		A36B4F4B2C2341270045522C /* StatusUITests.swift */ = {isa = PBXFileReference; lastKnownFileType = sourcecode.swift; path = StatusUITests.swift; sourceTree = "<group>"; };
		A36B4F4D2C2341270045522C /* StatusUITestsLaunchTests.swift */ = {isa = PBXFileReference; lastKnownFileType = sourcecode.swift; path = StatusUITestsLaunchTests.swift; sourceTree = "<group>"; };
		A3A570B02C331EB2009A4624 /* GoogleService-Info.plist */ = {isa = PBXFileReference; fileEncoding = 4; lastKnownFileType = text.plist.xml; name = "GoogleService-Info.plist"; path = "../../../../Downloads/GoogleService-Info.plist"; sourceTree = "<group>"; };
		A3B4AE932C3F108200091529 /* ColorViewModel.swift */ = {isa = PBXFileReference; lastKnownFileType = sourcecode.swift; path = ColorViewModel.swift; sourceTree = "<group>"; };
		A3D07CE72C347EC4000E8A35 /* Status.entitlements */ = {isa = PBXFileReference; lastKnownFileType = text.plist.entitlements; path = Status.entitlements; sourceTree = "<group>"; };
		A3D07CE82C3485F4000E8A35 /* GoogleService-Info.plist */ = {isa = PBXFileReference; lastKnownFileType = text.plist.xml; path = "GoogleService-Info.plist"; sourceTree = "<group>"; };
		A3FF15E62C2DE7CA0069F2F8 /* colors.rtf */ = {isa = PBXFileReference; lastKnownFileType = text.rtf; path = colors.rtf; sourceTree = "<group>"; };
		A3FF15E82C2DEA400069F2F8 /* StatusViewViewModel.swift */ = {isa = PBXFileReference; lastKnownFileType = sourcecode.swift; path = StatusViewViewModel.swift; sourceTree = "<group>"; };
		A3FF15EC2C2DEAB10069F2F8 /* LoginViewViewModel.swift */ = {isa = PBXFileReference; lastKnownFileType = sourcecode.swift; path = LoginViewViewModel.swift; sourceTree = "<group>"; };
/* End PBXFileReference section */

/* Begin PBXFrameworksBuildPhase section */
		A36B4F2A2C2341250045522C /* Frameworks */ = {
			isa = PBXFrameworksBuildPhase;
			buildActionMask = 2147483647;
			files = (
				A3A570CA2C333022009A4624 /* FirebaseRemoteConfig in Frameworks */,
				A3A570C62C333022009A4624 /* FirebaseMessaging in Frameworks */,
				A3A570B82C333022009A4624 /* FirebaseAnalyticsSwift in Frameworks */,
				A3A570C82C333022009A4624 /* FirebasePerformance in Frameworks */,
				A3A570C22C333022009A4624 /* FirebaseInAppMessaging-Beta in Frameworks */,
				A3A570C42C333022009A4624 /* FirebaseInAppMessagingSwift-Beta in Frameworks */,
				A3A570BC2C333022009A4624 /* FirebaseCrashlytics in Frameworks */,
				A3A570BA2C333022009A4624 /* FirebaseAuth in Frameworks */,
				A3A570CE2C333022009A4624 /* FirebaseStorage in Frameworks */,
				A3A570BE2C333022009A4624 /* FirebaseFirestore in Frameworks */,
				A3A570CC2C333022009A4624 /* FirebaseRemoteConfigSwift in Frameworks */,
				A3A570B62C333022009A4624 /* FirebaseAnalytics in Frameworks */,
				A3A570C02C333022009A4624 /* FirebaseFirestoreSwift in Frameworks */,
			);
			runOnlyForDeploymentPostprocessing = 0;
		};
		A36B4F3A2C2341270045522C /* Frameworks */ = {
			isa = PBXFrameworksBuildPhase;
			buildActionMask = 2147483647;
			files = (
			);
			runOnlyForDeploymentPostprocessing = 0;
		};
		A36B4F442C2341270045522C /* Frameworks */ = {
			isa = PBXFrameworksBuildPhase;
			buildActionMask = 2147483647;
			files = (
			);
			runOnlyForDeploymentPostprocessing = 0;
		};
/* End PBXFrameworksBuildPhase section */

/* Begin PBXGroup section */
		A36B4F242C2341250045522C = {
			isa = PBXGroup;
			children = (
				A3A570B02C331EB2009A4624 /* GoogleService-Info.plist */,
				A36B4F2F2C2341250045522C /* Status */,
				A36B4F402C2341270045522C /* StatusTests */,
				A36B4F4A2C2341270045522C /* StatusUITests */,
				A36B4F2E2C2341250045522C /* Products */,
			);
			sourceTree = "<group>";
		};
		A36B4F2E2C2341250045522C /* Products */ = {
			isa = PBXGroup;
			children = (
				A36B4F2D2C2341250045522C /* Status.app */,
				A36B4F3D2C2341270045522C /* StatusTests.xctest */,
				A36B4F472C2341270045522C /* StatusUITests.xctest */,
			);
			name = Products;
			sourceTree = "<group>";
		};
		A36B4F2F2C2341250045522C /* Status */ = {
			isa = PBXGroup;
			children = (
				A3FF15E52C2DE7AC0069F2F8 /* Other */,
				A3FF15E42C2DE5280069F2F8 /* ViewModels */,
				A3FF15E32C2DE5200069F2F8 /* Views */,
				A3FF15E22C2DE4EE0069F2F8 /* Models */,
				A36B4F362C2341270045522C /* Preview Content */,
			);
			path = Status;
			sourceTree = "<group>";
		};
		A36B4F362C2341270045522C /* Preview Content */ = {
			isa = PBXGroup;
			children = (
				A36B4F372C2341270045522C /* Preview Assets.xcassets */,
			);
			path = "Preview Content";
			sourceTree = "<group>";
		};
		A36B4F402C2341270045522C /* StatusTests */ = {
			isa = PBXGroup;
			children = (
				A36B4F412C2341270045522C /* StatusTests.swift */,
			);
			path = StatusTests;
			sourceTree = "<group>";
		};
		A36B4F4A2C2341270045522C /* StatusUITests */ = {
			isa = PBXGroup;
			children = (
				A36B4F4B2C2341270045522C /* StatusUITests.swift */,
				A36B4F4D2C2341270045522C /* StatusUITestsLaunchTests.swift */,
			);
			path = StatusUITests;
			sourceTree = "<group>";
		};
		A3FF15E22C2DE4EE0069F2F8 /* Models */ = {
			isa = PBXGroup;
			children = (
				A33E7DF42C3C63A8006E3287 /* User.swift */,
				A33E7DF62C3C63B3006E3287 /* Status.swift */,
			);
			path = Models;
			sourceTree = "<group>";
		};
		A3FF15E32C2DE5200069F2F8 /* Views */ = {
			isa = PBXGroup;
			children = (
				A36B4F322C2341250045522C /* StatusView.swift */,
				A3187E5B2C386CDB00387874 /* FriendStatusView.swift */,
				A3187E5F2C38765500387874 /* LoginView.swift */,
			);
			path = Views;
			sourceTree = "<group>";
		};
		A3FF15E42C2DE5280069F2F8 /* ViewModels */ = {
			isa = PBXGroup;
			children = (
				A3FF15E82C2DEA400069F2F8 /* StatusViewViewModel.swift */,
				A3FF15EC2C2DEAB10069F2F8 /* LoginViewViewModel.swift */,
				A3187E5D2C386CE600387874 /* FriendStatusViewModel.swift */,
				A3B4AE932C3F108200091529 /* ColorViewModel.swift */,
			);
			path = ViewModels;
			sourceTree = "<group>";
		};
		A3FF15E52C2DE7AC0069F2F8 /* Other */ = {
			isa = PBXGroup;
			children = (
				A3D07CE72C347EC4000E8A35 /* Status.entitlements */,
				A36B4F342C2341270045522C /* Assets.xcassets */,
				A36B4F302C2341250045522C /* StatusApp.swift */,
				A3D07CE82C3485F4000E8A35 /* GoogleService-Info.plist */,
				A3FF15E62C2DE7CA0069F2F8 /* colors.rtf */,
				A354DBBC2C35C6ED00D2AA34 /* ColorHex.swift */,
			);
			path = Other;
			sourceTree = "<group>";
		};
/* End PBXGroup section */

/* Begin PBXNativeTarget section */
		A36B4F2C2C2341250045522C /* Status */ = {
			isa = PBXNativeTarget;
			buildConfigurationList = A36B4F512C2341270045522C /* Build configuration list for PBXNativeTarget "Status" */;
			buildPhases = (
				A36B4F292C2341250045522C /* Sources */,
				A36B4F2A2C2341250045522C /* Frameworks */,
				A36B4F2B2C2341250045522C /* Resources */,
			);
			buildRules = (
			);
			dependencies = (
			);
			name = Status;
			packageProductDependencies = (
				A3A570B52C333022009A4624 /* FirebaseAnalytics */,
				A3A570B72C333022009A4624 /* FirebaseAnalyticsSwift */,
				A3A570B92C333022009A4624 /* FirebaseAuth */,
				A3A570BB2C333022009A4624 /* FirebaseCrashlytics */,
				A3A570BD2C333022009A4624 /* FirebaseFirestore */,
				A3A570BF2C333022009A4624 /* FirebaseFirestoreSwift */,
				A3A570C12C333022009A4624 /* FirebaseInAppMessaging-Beta */,
				A3A570C32C333022009A4624 /* FirebaseInAppMessagingSwift-Beta */,
				A3A570C52C333022009A4624 /* FirebaseMessaging */,
				A3A570C72C333022009A4624 /* FirebasePerformance */,
				A3A570C92C333022009A4624 /* FirebaseRemoteConfig */,
				A3A570CB2C333022009A4624 /* FirebaseRemoteConfigSwift */,
				A3A570CD2C333022009A4624 /* FirebaseStorage */,
			);
			productName = Status;
			productReference = A36B4F2D2C2341250045522C /* Status.app */;
			productType = "com.apple.product-type.application";
		};
		A36B4F3C2C2341270045522C /* StatusTests */ = {
			isa = PBXNativeTarget;
			buildConfigurationList = A36B4F542C2341270045522C /* Build configuration list for PBXNativeTarget "StatusTests" */;
			buildPhases = (
				A36B4F392C2341270045522C /* Sources */,
				A36B4F3A2C2341270045522C /* Frameworks */,
				A36B4F3B2C2341270045522C /* Resources */,
			);
			buildRules = (
			);
			dependencies = (
				A36B4F3F2C2341270045522C /* PBXTargetDependency */,
			);
			name = StatusTests;
			productName = StatusTests;
			productReference = A36B4F3D2C2341270045522C /* StatusTests.xctest */;
			productType = "com.apple.product-type.bundle.unit-test";
		};
		A36B4F462C2341270045522C /* StatusUITests */ = {
			isa = PBXNativeTarget;
			buildConfigurationList = A36B4F572C2341270045522C /* Build configuration list for PBXNativeTarget "StatusUITests" */;
			buildPhases = (
				A36B4F432C2341270045522C /* Sources */,
				A36B4F442C2341270045522C /* Frameworks */,
				A36B4F452C2341270045522C /* Resources */,
			);
			buildRules = (
			);
			dependencies = (
				A36B4F492C2341270045522C /* PBXTargetDependency */,
			);
			name = StatusUITests;
			productName = StatusUITests;
			productReference = A36B4F472C2341270045522C /* StatusUITests.xctest */;
			productType = "com.apple.product-type.bundle.ui-testing";
		};
/* End PBXNativeTarget section */

/* Begin PBXProject section */
		A36B4F252C2341250045522C /* Project object */ = {
			isa = PBXProject;
			attributes = {
				BuildIndependentTargetsInParallel = 1;
				LastSwiftUpdateCheck = 1540;
				LastUpgradeCheck = 1540;
				TargetAttributes = {
					A36B4F2C2C2341250045522C = {
						CreatedOnToolsVersion = 15.4;
					};
					A36B4F3C2C2341270045522C = {
						CreatedOnToolsVersion = 15.4;
						TestTargetID = A36B4F2C2C2341250045522C;
					};
					A36B4F462C2341270045522C = {
						CreatedOnToolsVersion = 15.4;
						TestTargetID = A36B4F2C2C2341250045522C;
					};
				};
			};
			buildConfigurationList = A36B4F282C2341250045522C /* Build configuration list for PBXProject "Status" */;
			compatibilityVersion = "Xcode 14.0";
			developmentRegion = en;
			hasScannedForEncodings = 0;
			knownRegions = (
				en,
				Base,
			);
			mainGroup = A36B4F242C2341250045522C;
			packageReferences = (
				A3A570B42C332060009A4624 /* XCRemoteSwiftPackageReference "firebase-ios-sdk" */,
			);
			productRefGroup = A36B4F2E2C2341250045522C /* Products */;
			projectDirPath = "";
			projectRoot = "";
			targets = (
				A36B4F2C2C2341250045522C /* Status */,
				A36B4F3C2C2341270045522C /* StatusTests */,
				A36B4F462C2341270045522C /* StatusUITests */,
			);
		};
/* End PBXProject section */

/* Begin PBXResourcesBuildPhase section */
		A36B4F2B2C2341250045522C /* Resources */ = {
			isa = PBXResourcesBuildPhase;
			buildActionMask = 2147483647;
			files = (
				A36B4F382C2341270045522C /* Preview Assets.xcassets in Resources */,
				A3A570B12C331EB2009A4624 /* GoogleService-Info.plist in Resources */,
				A36B4F352C2341270045522C /* Assets.xcassets in Resources */,
				A3FF15E72C2DE7CA0069F2F8 /* colors.rtf in Resources */,
			);
			runOnlyForDeploymentPostprocessing = 0;
		};
		A36B4F3B2C2341270045522C /* Resources */ = {
			isa = PBXResourcesBuildPhase;
			buildActionMask = 2147483647;
			files = (
				A3A570B22C331EB2009A4624 /* GoogleService-Info.plist in Resources */,
			);
			runOnlyForDeploymentPostprocessing = 0;
		};
		A36B4F452C2341270045522C /* Resources */ = {
			isa = PBXResourcesBuildPhase;
			buildActionMask = 2147483647;
			files = (
				A3A570B32C331EB2009A4624 /* GoogleService-Info.plist in Resources */,
			);
			runOnlyForDeploymentPostprocessing = 0;
		};
/* End PBXResourcesBuildPhase section */

/* Begin PBXSourcesBuildPhase section */
		A36B4F292C2341250045522C /* Sources */ = {
			isa = PBXSourcesBuildPhase;
			buildActionMask = 2147483647;
			files = (
				A3FF15ED2C2DEAB10069F2F8 /* LoginViewViewModel.swift in Sources */,
				A33E7DF72C3C63B3006E3287 /* Status.swift in Sources */,
				A354DBBD2C35C6ED00D2AA34 /* ColorHex.swift in Sources */,
				A36B4F332C2341250045522C /* StatusView.swift in Sources */,
				A36B4F312C2341250045522C /* StatusApp.swift in Sources */,
				A3187E5C2C386CDB00387874 /* FriendStatusView.swift in Sources */,
				A33E7DF52C3C63A8006E3287 /* User.swift in Sources */,
				A3187E5E2C386CE600387874 /* FriendStatusViewModel.swift in Sources */,
				A3187E602C38765500387874 /* LoginView.swift in Sources */,
				A3B4AE942C3F108200091529 /* ColorViewModel.swift in Sources */,
				A3FF15E92C2DEA400069F2F8 /* StatusViewViewModel.swift in Sources */,
			);
			runOnlyForDeploymentPostprocessing = 0;
		};
		A36B4F392C2341270045522C /* Sources */ = {
			isa = PBXSourcesBuildPhase;
			buildActionMask = 2147483647;
			files = (
				A36B4F422C2341270045522C /* StatusTests.swift in Sources */,
			);
			runOnlyForDeploymentPostprocessing = 0;
		};
		A36B4F432C2341270045522C /* Sources */ = {
			isa = PBXSourcesBuildPhase;
			buildActionMask = 2147483647;
			files = (
				A36B4F4E2C2341270045522C /* StatusUITestsLaunchTests.swift in Sources */,
				A36B4F4C2C2341270045522C /* StatusUITests.swift in Sources */,
			);
			runOnlyForDeploymentPostprocessing = 0;
		};
/* End PBXSourcesBuildPhase section */

/* Begin PBXTargetDependency section */
		A36B4F3F2C2341270045522C /* PBXTargetDependency */ = {
			isa = PBXTargetDependency;
			target = A36B4F2C2C2341250045522C /* Status */;
			targetProxy = A36B4F3E2C2341270045522C /* PBXContainerItemProxy */;
		};
		A36B4F492C2341270045522C /* PBXTargetDependency */ = {
			isa = PBXTargetDependency;
			target = A36B4F2C2C2341250045522C /* Status */;
			targetProxy = A36B4F482C2341270045522C /* PBXContainerItemProxy */;
		};
/* End PBXTargetDependency section */

/* Begin XCBuildConfiguration section */
		A36B4F4F2C2341270045522C /* Debug */ = {
			isa = XCBuildConfiguration;
			buildSettings = {
				ALWAYS_SEARCH_USER_PATHS = NO;
				ASSETCATALOG_COMPILER_GENERATE_SWIFT_ASSET_SYMBOL_EXTENSIONS = YES;
				CLANG_ANALYZER_NONNULL = YES;
				CLANG_ANALYZER_NUMBER_OBJECT_CONVERSION = YES_AGGRESSIVE;
				CLANG_CXX_LANGUAGE_STANDARD = "gnu++20";
				CLANG_ENABLE_MODULES = YES;
				CLANG_ENABLE_OBJC_ARC = YES;
				CLANG_ENABLE_OBJC_WEAK = YES;
				CLANG_WARN_BLOCK_CAPTURE_AUTORELEASING = YES;
				CLANG_WARN_BOOL_CONVERSION = YES;
				CLANG_WARN_COMMA = YES;
				CLANG_WARN_CONSTANT_CONVERSION = YES;
				CLANG_WARN_DEPRECATED_OBJC_IMPLEMENTATIONS = YES;
				CLANG_WARN_DIRECT_OBJC_ISA_USAGE = YES_ERROR;
				CLANG_WARN_DOCUMENTATION_COMMENTS = YES;
				CLANG_WARN_EMPTY_BODY = YES;
				CLANG_WARN_ENUM_CONVERSION = YES;
				CLANG_WARN_INFINITE_RECURSION = YES;
				CLANG_WARN_INT_CONVERSION = YES;
				CLANG_WARN_NON_LITERAL_NULL_CONVERSION = YES;
				CLANG_WARN_OBJC_IMPLICIT_RETAIN_SELF = YES;
				CLANG_WARN_OBJC_LITERAL_CONVERSION = YES;
				CLANG_WARN_OBJC_ROOT_CLASS = YES_ERROR;
				CLANG_WARN_QUOTED_INCLUDE_IN_FRAMEWORK_HEADER = YES;
				CLANG_WARN_RANGE_LOOP_ANALYSIS = YES;
				CLANG_WARN_STRICT_PROTOTYPES = YES;
				CLANG_WARN_SUSPICIOUS_MOVE = YES;
				CLANG_WARN_UNGUARDED_AVAILABILITY = YES_AGGRESSIVE;
				CLANG_WARN_UNREACHABLE_CODE = YES;
				CLANG_WARN__DUPLICATE_METHOD_MATCH = YES;
				COPY_PHASE_STRIP = NO;
				DEBUG_INFORMATION_FORMAT = dwarf;
				ENABLE_STRICT_OBJC_MSGSEND = YES;
				ENABLE_TESTABILITY = YES;
				ENABLE_USER_SCRIPT_SANDBOXING = YES;
				GCC_C_LANGUAGE_STANDARD = gnu17;
				GCC_DYNAMIC_NO_PIC = NO;
				GCC_NO_COMMON_BLOCKS = YES;
				GCC_OPTIMIZATION_LEVEL = 0;
				GCC_PREPROCESSOR_DEFINITIONS = (
					"DEBUG=1",
					"$(inherited)",
				);
				GCC_WARN_64_TO_32_BIT_CONVERSION = YES;
				GCC_WARN_ABOUT_RETURN_TYPE = YES_ERROR;
				GCC_WARN_UNDECLARED_SELECTOR = YES;
				GCC_WARN_UNINITIALIZED_AUTOS = YES_AGGRESSIVE;
				GCC_WARN_UNUSED_FUNCTION = YES;
				GCC_WARN_UNUSED_VARIABLE = YES;
				IPHONEOS_DEPLOYMENT_TARGET = 17.5;
				LOCALIZATION_PREFERS_STRING_CATALOGS = YES;
				MTL_ENABLE_DEBUG_INFO = INCLUDE_SOURCE;
				MTL_FAST_MATH = YES;
				ONLY_ACTIVE_ARCH = YES;
				SDKROOT = iphoneos;
				SWIFT_ACTIVE_COMPILATION_CONDITIONS = "DEBUG $(inherited)";
				SWIFT_OPTIMIZATION_LEVEL = "-Onone";
			};
			name = Debug;
		};
		A36B4F502C2341270045522C /* Release */ = {
			isa = XCBuildConfiguration;
			buildSettings = {
				ALWAYS_SEARCH_USER_PATHS = NO;
				ASSETCATALOG_COMPILER_GENERATE_SWIFT_ASSET_SYMBOL_EXTENSIONS = YES;
				CLANG_ANALYZER_NONNULL = YES;
				CLANG_ANALYZER_NUMBER_OBJECT_CONVERSION = YES_AGGRESSIVE;
				CLANG_CXX_LANGUAGE_STANDARD = "gnu++20";
				CLANG_ENABLE_MODULES = YES;
				CLANG_ENABLE_OBJC_ARC = YES;
				CLANG_ENABLE_OBJC_WEAK = YES;
				CLANG_WARN_BLOCK_CAPTURE_AUTORELEASING = YES;
				CLANG_WARN_BOOL_CONVERSION = YES;
				CLANG_WARN_COMMA = YES;
				CLANG_WARN_CONSTANT_CONVERSION = YES;
				CLANG_WARN_DEPRECATED_OBJC_IMPLEMENTATIONS = YES;
				CLANG_WARN_DIRECT_OBJC_ISA_USAGE = YES_ERROR;
				CLANG_WARN_DOCUMENTATION_COMMENTS = YES;
				CLANG_WARN_EMPTY_BODY = YES;
				CLANG_WARN_ENUM_CONVERSION = YES;
				CLANG_WARN_INFINITE_RECURSION = YES;
				CLANG_WARN_INT_CONVERSION = YES;
				CLANG_WARN_NON_LITERAL_NULL_CONVERSION = YES;
				CLANG_WARN_OBJC_IMPLICIT_RETAIN_SELF = YES;
				CLANG_WARN_OBJC_LITERAL_CONVERSION = YES;
				CLANG_WARN_OBJC_ROOT_CLASS = YES_ERROR;
				CLANG_WARN_QUOTED_INCLUDE_IN_FRAMEWORK_HEADER = YES;
				CLANG_WARN_RANGE_LOOP_ANALYSIS = YES;
				CLANG_WARN_STRICT_PROTOTYPES = YES;
				CLANG_WARN_SUSPICIOUS_MOVE = YES;
				CLANG_WARN_UNGUARDED_AVAILABILITY = YES_AGGRESSIVE;
				CLANG_WARN_UNREACHABLE_CODE = YES;
				CLANG_WARN__DUPLICATE_METHOD_MATCH = YES;
				COPY_PHASE_STRIP = NO;
				DEBUG_INFORMATION_FORMAT = "dwarf-with-dsym";
				ENABLE_NS_ASSERTIONS = NO;
				ENABLE_STRICT_OBJC_MSGSEND = YES;
				ENABLE_USER_SCRIPT_SANDBOXING = YES;
				GCC_C_LANGUAGE_STANDARD = gnu17;
				GCC_NO_COMMON_BLOCKS = YES;
				GCC_WARN_64_TO_32_BIT_CONVERSION = YES;
				GCC_WARN_ABOUT_RETURN_TYPE = YES_ERROR;
				GCC_WARN_UNDECLARED_SELECTOR = YES;
				GCC_WARN_UNINITIALIZED_AUTOS = YES_AGGRESSIVE;
				GCC_WARN_UNUSED_FUNCTION = YES;
				GCC_WARN_UNUSED_VARIABLE = YES;
				IPHONEOS_DEPLOYMENT_TARGET = 17.5;
				LOCALIZATION_PREFERS_STRING_CATALOGS = YES;
				MTL_ENABLE_DEBUG_INFO = NO;
				MTL_FAST_MATH = YES;
				SDKROOT = iphoneos;
				SWIFT_COMPILATION_MODE = wholemodule;
				VALIDATE_PRODUCT = YES;
			};
			name = Release;
		};
		A36B4F522C2341270045522C /* Debug */ = {
			isa = XCBuildConfiguration;
			buildSettings = {
				ASSETCATALOG_COMPILER_APPICON_NAME = AppIcon;
				ASSETCATALOG_COMPILER_GLOBAL_ACCENT_COLOR_NAME = AccentColor;
				CODE_SIGN_ENTITLEMENTS = Status/Status.entitlements;
				CODE_SIGN_STYLE = Automatic;
				CURRENT_PROJECT_VERSION = 1;
				DEVELOPMENT_ASSET_PATHS = "\"Status/Preview Content\"";
				DEVELOPMENT_TEAM = M5W95YYYF8;
				ENABLE_PREVIEWS = YES;
				GENERATE_INFOPLIST_FILE = YES;
				INFOPLIST_KEY_UIApplicationSceneManifest_Generation = YES;
				INFOPLIST_KEY_UIApplicationSupportsIndirectInputEvents = YES;
				INFOPLIST_KEY_UILaunchScreen_Generation = YES;
				INFOPLIST_KEY_UISupportedInterfaceOrientations = UIInterfaceOrientationPortrait;
				LD_RUNPATH_SEARCH_PATHS = (
					"$(inherited)",
					"@executable_path/Frameworks",
				);
				MARKETING_VERSION = 1.0;
				PRODUCT_BUNDLE_IDENTIFIER = "Dillon-Nguyen.Status";
				PRODUCT_NAME = "$(TARGET_NAME)";
				SWIFT_EMIT_LOC_STRINGS = YES;
				SWIFT_VERSION = 5.0;
				TARGETED_DEVICE_FAMILY = "1,2";
			};
			name = Debug;
		};
		A36B4F532C2341270045522C /* Release */ = {
			isa = XCBuildConfiguration;
			buildSettings = {
				ASSETCATALOG_COMPILER_APPICON_NAME = AppIcon;
				ASSETCATALOG_COMPILER_GLOBAL_ACCENT_COLOR_NAME = AccentColor;
				CODE_SIGN_ENTITLEMENTS = Status/Status.entitlements;
				CODE_SIGN_STYLE = Automatic;
				CURRENT_PROJECT_VERSION = 1;
				DEVELOPMENT_ASSET_PATHS = "\"Status/Preview Content\"";
				DEVELOPMENT_TEAM = M5W95YYYF8;
				ENABLE_PREVIEWS = YES;
				GENERATE_INFOPLIST_FILE = YES;
				INFOPLIST_KEY_UIApplicationSceneManifest_Generation = YES;
				INFOPLIST_KEY_UIApplicationSupportsIndirectInputEvents = YES;
				INFOPLIST_KEY_UILaunchScreen_Generation = YES;
				INFOPLIST_KEY_UISupportedInterfaceOrientations = UIInterfaceOrientationPortrait;
				LD_RUNPATH_SEARCH_PATHS = (
					"$(inherited)",
					"@executable_path/Frameworks",
				);
				MARKETING_VERSION = 1.0;
				PRODUCT_BUNDLE_IDENTIFIER = "Dillon-Nguyen.Status";
				PRODUCT_NAME = "$(TARGET_NAME)";
				SWIFT_EMIT_LOC_STRINGS = YES;
				SWIFT_VERSION = 5.0;
				TARGETED_DEVICE_FAMILY = "1,2";
			};
			name = Release;
		};
		A36B4F552C2341270045522C /* Debug */ = {
			isa = XCBuildConfiguration;
			buildSettings = {
				ALWAYS_EMBED_SWIFT_STANDARD_LIBRARIES = YES;
				BUNDLE_LOADER = "$(TEST_HOST)";
				CODE_SIGN_STYLE = Automatic;
				CURRENT_PROJECT_VERSION = 1;
				GENERATE_INFOPLIST_FILE = YES;
				IPHONEOS_DEPLOYMENT_TARGET = 17.5;
				MARKETING_VERSION = 1.0;
				PRODUCT_BUNDLE_IDENTIFIER = "Dillon-Nguyen.StatusTests";
				PRODUCT_NAME = "$(TARGET_NAME)";
				SWIFT_EMIT_LOC_STRINGS = NO;
				SWIFT_VERSION = 5.0;
				TARGETED_DEVICE_FAMILY = "1,2";
				TEST_HOST = "$(BUILT_PRODUCTS_DIR)/Status.app/$(BUNDLE_EXECUTABLE_FOLDER_PATH)/Status";
			};
			name = Debug;
		};
		A36B4F562C2341270045522C /* Release */ = {
			isa = XCBuildConfiguration;
			buildSettings = {
				ALWAYS_EMBED_SWIFT_STANDARD_LIBRARIES = YES;
				BUNDLE_LOADER = "$(TEST_HOST)";
				CODE_SIGN_STYLE = Automatic;
				CURRENT_PROJECT_VERSION = 1;
				GENERATE_INFOPLIST_FILE = YES;
				IPHONEOS_DEPLOYMENT_TARGET = 17.5;
				MARKETING_VERSION = 1.0;
				PRODUCT_BUNDLE_IDENTIFIER = "Dillon-Nguyen.StatusTests";
				PRODUCT_NAME = "$(TARGET_NAME)";
				SWIFT_EMIT_LOC_STRINGS = NO;
				SWIFT_VERSION = 5.0;
				TARGETED_DEVICE_FAMILY = "1,2";
				TEST_HOST = "$(BUILT_PRODUCTS_DIR)/Status.app/$(BUNDLE_EXECUTABLE_FOLDER_PATH)/Status";
			};
			name = Release;
		};
		A36B4F582C2341270045522C /* Debug */ = {
			isa = XCBuildConfiguration;
			buildSettings = {
				ALWAYS_EMBED_SWIFT_STANDARD_LIBRARIES = YES;
				CODE_SIGN_STYLE = Automatic;
				CURRENT_PROJECT_VERSION = 1;
				GENERATE_INFOPLIST_FILE = YES;
				MARKETING_VERSION = 1.0;
				PRODUCT_BUNDLE_IDENTIFIER = "Dillon-Nguyen.StatusUITests";
				PRODUCT_NAME = "$(TARGET_NAME)";
				SWIFT_EMIT_LOC_STRINGS = NO;
				SWIFT_VERSION = 5.0;
				TARGETED_DEVICE_FAMILY = "1,2";
				TEST_TARGET_NAME = Status;
			};
			name = Debug;
		};
		A36B4F592C2341270045522C /* Release */ = {
			isa = XCBuildConfiguration;
			buildSettings = {
				ALWAYS_EMBED_SWIFT_STANDARD_LIBRARIES = YES;
				CODE_SIGN_STYLE = Automatic;
				CURRENT_PROJECT_VERSION = 1;
				GENERATE_INFOPLIST_FILE = YES;
				MARKETING_VERSION = 1.0;
				PRODUCT_BUNDLE_IDENTIFIER = "Dillon-Nguyen.StatusUITests";
				PRODUCT_NAME = "$(TARGET_NAME)";
				SWIFT_EMIT_LOC_STRINGS = NO;
				SWIFT_VERSION = 5.0;
				TARGETED_DEVICE_FAMILY = "1,2";
				TEST_TARGET_NAME = Status;
			};
			name = Release;
		};
/* End XCBuildConfiguration section */

/* Begin XCConfigurationList section */
		A36B4F282C2341250045522C /* Build configuration list for PBXProject "Status" */ = {
			isa = XCConfigurationList;
			buildConfigurations = (
				A36B4F4F2C2341270045522C /* Debug */,
				A36B4F502C2341270045522C /* Release */,
			);
			defaultConfigurationIsVisible = 0;
			defaultConfigurationName = Release;
		};
		A36B4F512C2341270045522C /* Build configuration list for PBXNativeTarget "Status" */ = {
			isa = XCConfigurationList;
			buildConfigurations = (
				A36B4F522C2341270045522C /* Debug */,
				A36B4F532C2341270045522C /* Release */,
			);
			defaultConfigurationIsVisible = 0;
			defaultConfigurationName = Release;
		};
		A36B4F542C2341270045522C /* Build configuration list for PBXNativeTarget "StatusTests" */ = {
			isa = XCConfigurationList;
			buildConfigurations = (
				A36B4F552C2341270045522C /* Debug */,
				A36B4F562C2341270045522C /* Release */,
			);
			defaultConfigurationIsVisible = 0;
			defaultConfigurationName = Release;
		};
		A36B4F572C2341270045522C /* Build configuration list for PBXNativeTarget "StatusUITests" */ = {
			isa = XCConfigurationList;
			buildConfigurations = (
				A36B4F582C2341270045522C /* Debug */,
				A36B4F592C2341270045522C /* Release */,
			);
			defaultConfigurationIsVisible = 0;
			defaultConfigurationName = Release;
		};
/* End XCConfigurationList section */

/* Begin XCRemoteSwiftPackageReference section */
		A3A570B42C332060009A4624 /* XCRemoteSwiftPackageReference "firebase-ios-sdk" */ = {
			isa = XCRemoteSwiftPackageReference;
			repositoryURL = "https://github.com/firebase/firebase-ios-sdk";
			requirement = {
				kind = upToNextMajorVersion;
				minimumVersion = 10.28.1;
			};
		};
/* End XCRemoteSwiftPackageReference section */

/* Begin XCSwiftPackageProductDependency section */
		A3A570B52C333022009A4624 /* FirebaseAnalytics */ = {
			isa = XCSwiftPackageProductDependency;
			productName = FirebaseAnalytics;
		};
		A3A570B72C333022009A4624 /* FirebaseAnalyticsSwift */ = {
			isa = XCSwiftPackageProductDependency;
			productName = FirebaseAnalyticsSwift;
		};
		A3A570B92C333022009A4624 /* FirebaseAuth */ = {
			isa = XCSwiftPackageProductDependency;
			productName = FirebaseAuth;
		};
		A3A570BB2C333022009A4624 /* FirebaseCrashlytics */ = {
			isa = XCSwiftPackageProductDependency;
			productName = FirebaseCrashlytics;
		};
		A3A570BD2C333022009A4624 /* FirebaseFirestore */ = {
			isa = XCSwiftPackageProductDependency;
			productName = FirebaseFirestore;
		};
		A3A570BF2C333022009A4624 /* FirebaseFirestoreSwift */ = {
			isa = XCSwiftPackageProductDependency;
			productName = FirebaseFirestoreSwift;
		};
		A3A570C12C333022009A4624 /* FirebaseInAppMessaging-Beta */ = {
			isa = XCSwiftPackageProductDependency;
			productName = "FirebaseInAppMessaging-Beta";
		};
		A3A570C32C333022009A4624 /* FirebaseInAppMessagingSwift-Beta */ = {
			isa = XCSwiftPackageProductDependency;
			productName = "FirebaseInAppMessagingSwift-Beta";
		};
		A3A570C52C333022009A4624 /* FirebaseMessaging */ = {
			isa = XCSwiftPackageProductDependency;
			productName = FirebaseMessaging;
		};
		A3A570C72C333022009A4624 /* FirebasePerformance */ = {
			isa = XCSwiftPackageProductDependency;
			productName = FirebasePerformance;
		};
		A3A570C92C333022009A4624 /* FirebaseRemoteConfig */ = {
			isa = XCSwiftPackageProductDependency;
			productName = FirebaseRemoteConfig;
		};
		A3A570CB2C333022009A4624 /* FirebaseRemoteConfigSwift */ = {
			isa = XCSwiftPackageProductDependency;
			productName = FirebaseRemoteConfigSwift;
		};
		A3A570CD2C333022009A4624 /* FirebaseStorage */ = {
			isa = XCSwiftPackageProductDependency;
			productName = FirebaseStorage;
		};
/* End XCSwiftPackageProductDependency section */
	};
	rootObject = A36B4F252C2341250045522C /* Project object */;
}
